{
  "version": 1,
  "dependencies": {
    "net10.0-desktop1.0": {
      "Microsoft.Extensions.Logging.Console": {
        "type": "Direct",
        "requested": "[10.0.12, )",
        "resolved": "10.0.12",
        "contentHash": "nHvaR8gO0CdEfG324KdUsP3Hqgdf1licZb+UlNh5pFYw7+o8QYTmiMgFmwayE/LPSpaqND/Qn3xHa1cI9b8x0w==",
        "dependencies": {
          "Microsoft.Extensions.DependencyInjection.Abstractions": "10.0.12",
          "Microsoft.Extensions.Logging": "10.0.12",
          "Microsoft.Extensions.Logging.Abstractions": "10.0.12",
          "Microsoft.Extensions.Logging.Configuration": "10.0.12",
          "Microsoft.Extensions.Options": "10.0.12"
        }
      },
      "SkiaSharp.NativeAssets.Linux": {
        "type": "Direct",
        "requested": "[3.119.2, )",
        "resolved": "3.119.2",
        "contentHash": "9WzxSyG/s9Id506j0Ht+Bi5ucOpWKPzd1XXr9TD4fuCafHHy2swRSlbZtC3IDQAsvCH63OerkDJajj43uSv5og=="
      },
      "SkiaSharp.Skottie": {
        "type": "Direct",
        "requested": "[3.119.2, )",
        "resolved": "3.119.2",
        "contentHash": "fcI/yU302GxTrkgaqI914fp8wvrasHMEfYir6kU7ATr6RQx0Cf1vTaTZDuV18OeaqLPQJ75Y/HsMktnMY2N+lg==",
        "dependencies": {
          "SkiaSharp": "3.119.2",
          "SkiaSharp.Resources": "3.119.2",
          "SkiaSharp.SceneGraph": "3.119.2"
        }
      },
      "SkiaSharp.Views.Uno.WinUI": {
        "type": "Direct",
        "requested": "[3.119.2, )",
        "resolved": "3.119.2",
        "contentHash": "hkKtnfEcGZfEL1YUeshuwGbQnGbbHuxKH0Y7hfC2N5z1TWRpALPr0TPF2v/hD4/MDg57dIeYPsKaDr8PqzWBSQ==",
        "dependencies": {
          "SkiaSharp": "3.119.2",
          "SkiaSharp.NativeAssets.WebAssembly": "3.119.2",
          "Uno.WinUI": "5.2.175"
        }
      },
      "Uno.Fonts.OpenSans": {
        "type": "Direct",
        "requested": "[2.9.4, )",
        "resolved": "2.9.4",
        "contentHash": "EmCs4jIFEPPLsFNzVMhhlXxOLRP6TgoW+TOp6Nyy7NAMdUmTTJkK+RelDew2W+UocyUC+Odd0Hm3YLWB83JbWg=="
      },
      "Uno.Resizetizer": {
        "type": "Direct",
        "requested": "[1.12.7, )",
        "resolved": "1.12.7",
        "contentHash": "2/onxJPzihxKdbnhoIt+RMJyZUAk9ZIbZQi5oKeUZjlH85QOzM1kMRcHOAO/No0Mf8kcm40g+TNB6uYTHRTeGQ=="
      },
      "Uno.Sdk.Extras": {
        "type": "Direct",
        "requested": "[6.3.1, )",
        "resolved": "6.3.1",
        "contentHash": "6vZf75nmSiYy+c5DFzWzL+41Qvg0cw1e8cD0w0NxW/AQpEXJBhb4X9S5AqVI5bCpnBKFg0Tthd7Kb0Z27pEWZg=="
      },
      "Uno.Settings.DevServer": {
        "type": "Direct",
        "requested": "[1.13.4, )",
        "resolved": "1.13.4",
        "contentHash": "+kgPkV36h1oziDw5IFJ6/YaYb2Lk0Wfh4iTiZJwEDS4J/4IMEcXZeDgTzLyEFpkcr9KmyixB4mPRLWwBuqsjGQ=="
      },
      "Uno.UI.Adapter.Microsoft.Extensions.Logging": {
        "type": "Direct",
        "requested": "[6.7.135, )",
        "resolved": "6.7.135",
        "contentHash": "rLDFIxEX3y2+uJ2Mqr1SaLvs5Fr7hctonHHY0is+qVythEQO25zqRsjZC04652ZmwHDpkDb9RpA3c+iguHZO4A==",
        "dependencies": {
          "Uno.Core.Extensions.Logging": "4.0.1",
          "Uno.Core.Extensions.Logging.Singleton": "4.0.1",
          "Uno.Foundation.Logging": "6.7.135"
        }
      },
      "Uno.UI.App.Mcp": {
        "type": "Direct",
        "requested": "[1.3.7, )",
        "resolved": "1.3.7",
        "contentHash": "sb6W0qwhGZUV6o6zXzR64thYdv/8XrY+NKw3HJTWn33UQq4uv4MfSgVTe2xh6MjfE52bl6rwx8DWPr0wwbQ2JA==",
        "dependencies": {
          "SkiaSharp": "3.119.0"
        }
      },
      "Uno.UI.HotDesign": {
        "type": "Direct",
        "requested": "[1.20.485, )",
        "resolved": "1.20.485",
        "contentHash": "VnoNPGfYhK+AKaLWd+STlCTIloXEAwvoib+V/nKOpdIxS4TTBsbfOxsmakHOgSCKzqVHfMhD3B3NIxudupAJcw==",
        "dependencies": {
          "CommunityToolkit.Mvvm": "8.4.2",
          "Microsoft.Extensions.Logging": "9.0.18",
          "SkiaSharp.Views.Uno.WinUI": "3.119.2",
          "Uno.Core.Extensions.Logging.Singleton": "4.1.1",
          "Uno.Themes.WinUI": "7.1.1",
          "Uno.Toolkit.WinUI": "9.1.3",
          "Uno.WinUI": "6.7.135",
          "Uno.WinUI.DevServer": "6.7.135",
          "Uno.WinUI.DevServer.Messaging": "6.7.135",
          "Uno.WinUI.Lottie": "6.7.135"
        }
      },
      "Uno.WinUI": {
        "type": "Direct",
        "requested": "[6.7.135, )",
        "resolved": "6.7.135",
        "contentHash": "uRSsZirhJ9Sj3NVlCRB59eqSaAS4QoJ5O/DQpBnRVmuztzjRbVXG1ZkJCeQylce2EGxAobckSbU3JotvlcuvFA==",
        "dependencies": {
          "Uno.Diagnostics.Eventing": "2.0.1",
          "Uno.Fonts.Fluent": "2.6.1",
          "Uno.Foundation.Logging": "6.7.135",
          "Uno.WinRT": "6.7.135"
        }
      },
      "Uno.WinUI.DevServer": {
        "type": "Direct",
        "requested": "[6.7.135, )",
        "resolved": "6.7.135",
        "contentHash": "daOHAQQvodGnT5t8jGg5qqKFtqmz3F5/5IldJWuLgVkIPY+pnyln7rDUVYdsdhro/lJOi70aJHO9MlYnpL7K3g==",
        "dependencies": {
          "Uno.Wasm.WebSockets": "1.1.0",
          "Uno.WinUI": "6.7.135",
          "Uno.WinUI.DevServer.Messaging": "6.7.135"
        }
      },
      "Uno.WinUI.Graphics2DSK": {
        "type": "Direct",
        "requested": "[6.7.135, )",
        "resolved": "6.7.135",
        "contentHash": "czqSA3kI4Vypsl08FqFSOfHHk4iFYWYs/6JhXoOVPOQVK/g71L1cDs163XGqIHlgZ2WVymURYy8on8SeKcdgbA==",
        "dependencies": {
          "SkiaSharp": "3.119.0",
          "Uno.WinUI": "6.7.135"
        }
      },
      "Uno.WinUI.Lottie": {
        "type": "Direct",
        "requested": "[6.7.135, )",
        "resolved": "6.7.135",
        "contentHash": "9yh2UDxqbXuQgggrNWS2aYmF7Ox85YRxOqyTFgpOiSuRN1CW6S0C9L3CknbVKl/gUtVdfLMWcDMzkTjPHX48lg==",
        "dependencies": {
          "System.Json": "4.7.1",
          "Uno.WinUI": "6.7.135"
        }
      },
      "Uno.WinUI.Runtime.Skia.Linux.FrameBuffer": {
        "type": "Direct",
        "requested": "[6.7.135, )",
        "resolved": "6.7.135",
        "contentHash": "4eoXT0dgKlAjhtj9q7jze/SAPpn2bL1cH5G+aAsKp+KSOFUxJcSlNtuHM0EzXFKZVgXBGS9sgyMTGfUYXzPgwA==",
        "dependencies": {
          "HarfBuzzSharp": "8.3.1.1",
          "HarfBuzzSharp.NativeAssets.Linux": "8.3.1.1",
          "SkiaSharp": "3.119.0",
          "SkiaSharp.NativeAssets.Linux": "3.119.0",
          "Uno.WinUI": "6.7.135",
          "Uno.WinUI.Runtime.Skia": "6.7.135"
        }
      },
      "Uno.WinUI.Runtime.Skia.MacOS": {
        "type": "Direct",
        "requested": "[6.7.135, )",
        "resolved": "6.7.135",
        "contentHash": "/sc58YiQ7ct8TqrCb8x4BP12ICOvNe3fGIXSUT27g7OSFAUqegcsTd2wQgXOnlWm/Y7F9Vjgi83j3fsXQLKWvQ==",
        "dependencies": {
          "HarfBuzzSharp": "8.3.1.1",
          "HarfBuzzSharp.NativeAssets.macOS": "8.3.1.1",
          "SkiaSharp": "3.119.0",
          "SkiaSharp.NativeAssets.macos": "3.119.0",
          "Uno.WinUI": "6.7.135",
          "Uno.WinUI.Runtime.Skia": "6.7.135",
          "Uno.WinUI.Runtime.Skia.Linux.FrameBuffer": "6.7.135",
          "Uno.icu-macos": "77.3.2"
        }
      },
      "Uno.WinUI.Runtime.Skia.Win32": {
        "type": "Direct",
        "requested": "[6.7.135, )",
        "resolved": "6.7.135",
        "contentHash": "d2w6LqB9i/PIU6QG8/Vel3v99FFs4Yfc2VvEhgnwGlmW8S5ezf5hdBUj6F1+R3/vGVorePq+reZShyUVA5MXpg==",
        "dependencies": {
          "HarfBuzzSharp": "8.3.1.1",
          "Microsoft.Windows.CsWin32": "0.3.106",
          "Uno.WinUI": "6.7.135",
          "Uno.WinUI.Runtime.Skia": "6.7.135",
          "Uno.icu-win": "77.3.2",
          "WebView2Aot": "1.5.0"
        }
      },
      "Uno.WinUI.Runtime.Skia.X11": {
        "type": "Direct",
        "requested": "[6.7.135, )",
        "resolved": "6.7.135",
        "contentHash": "i7EyArQy9TDqa1f3VF1isW1tRSp++qXbGwQzJvPAQkBe3Rx4eEowuF5FKuLTH9qA4iNB/m9w4cNOAy2rcMuAXQ==",
        "dependencies": {
          "HarfBuzzSharp.NativeAssets.Linux": "8.3.1.1",
          "HarfbuzzSharp": "8.3.1.1",
          "LibVLCSharp": "3.9.7.1",
          "SkiaSharp": "3.119.0",
          "SkiaSharp.NativeAssets.Linux": "3.119.0",
          "Tmds.DBus.Generator": "0.92.0",
          "Tmds.DBus.Protocol": "0.92.0",
          "Uno.WinUI": "6.7.135",
          "Uno.WinUI.Runtime.Skia": "6.7.135"
        }
      },
      "CommonServiceLocator": {
        "type": "Transitive",
        "resolved": "2.0.5",
        "contentHash": "Md2q9f6hAuUAm6IWTybQbYvxhDAs2dqmsudVDghpg0Q+C0M2KkmiTDjeGx1PsYhnZPvp+hy1Cx99v0VPW9W6/g=="
      },
      "CommunityToolkit.Mvvm": {
        "type": "Transitive",
        "resolved": "8.4.2",
        "contentHash": "WadCzGEc2U+3e20avRLng4qNtt4zoOGWrdUISqJWrHe3/FSnrYjuM5Sb4yQb09LhkBXrrI4Zt3dLKgRMbItsrg=="
      },
      "DirectNAot": {
        "type": "Transitive",
        "resolved": "1.6.1",
        "contentHash": "kG33z2y7IclCpdoKQTWQjHopF91VtxiinIYah4lymg4yIwGP70xEfJk0za6LTn7XVQtf6qjutHN4f5ZtlGdG6w=="
      },
      "DirectNAot.Extensions": {
        "type": "Transitive",
        "resolved": "1.6.1",
        "contentHash": "vlKqsoBk7JztTZYomExG9fw8JJgEwzn4VYROIW3iqBC6nPa/sadzh9sDvH3dMkSvOeDmCxDZTryetMhqtdK5xg==",
        "dependencies": {
          "DirectNAot": "1.6.1"
        }
      },
      "HarfBuzzSharp": {
        "type": "Transitive",
        "resolved": "8.3.1.1",
        "contentHash": "tLZN66oe/uiRPTZfrCU4i8ScVGwqHNh5MHrXj0yVf4l7Mz0FhTGnQ71RGySROTmdognAs0JtluHkL41pIabWuQ==",
        "dependencies": {
          "HarfBuzzSharp.NativeAssets.Win32": "8.3.1.1",
          "HarfBuzzSharp.NativeAssets.macOS": "8.3.1.1"
        }
      },
      "HarfBuzzSharp.NativeAssets.Linux": {
        "type": "Transitive",
        "resolved": "8.3.1.1",
        "contentHash": "3EZ1mpIiKWRLL5hUYA82ZHteeDIVaEA/Z0rA/wU6tjx6crcAkJnBPwDXZugBSfo8+J3EznvRJf49uMsqYfKrHg=="
      },
      "HarfBuzzSharp.NativeAssets.macOS": {
        "type": "Transitive",
        "resolved": "8.3.1.1",
        "contentHash": "jbtCsgftcaFLCA13tVKo5iWdElJScrulLTKJre36O4YQTIlwDtPPqhRZNk+Y0vv4D1gxbscasGRucUDfS44ofQ=="
      },
      "HarfBuzzSharp.NativeAssets.Win32": {
        "type": "Transitive",
        "resolved": "8.3.1.1",
        "contentHash": "UsJtQsfAJoFDZrXc4hCUfRPMqccfKZ0iumJ/upcUjz/cmsTgVFGNEL5yaJWmkqsuFYdMWbj/En5/kS4PFl9hBA=="
      },
      "LibVLCSharp": {
        "type": "Transitive",
        "resolved": "3.9.7.1",
        "contentHash": "pkntybICe0d8d6QUksQxRoqEUaIItyVe36CY+L5vrj5XD4aAcb0e8gHe5BLNMZH+uIsSgaeiki5DdNmhjvLo9Q=="
      },
      "Microsoft.Extensions.Configuration": {
        "type": "Transitive",
        "resolved": "10.0.12",
        "contentHash": "e3IPP32CRNL031VZJAUTlCTG0YN7WFh4mN3fsSHTDQCJB+3+f0jGycv4fXk3rrftaY3B85XrQaj7sRthrOsavg==",
        "dependencies": {
          "Microsoft.Extensions.Configuration.Abstractions": "10.0.12",
          "Microsoft.Extensions.Primitives": "10.0.12"
        }
      },
      "Microsoft.Extensions.Configuration.Abstractions": {
        "type": "Transitive",
        "resolved": "10.0.12",
        "contentHash": "8xaGcvS/qZ1otoxPQCEJkNva389CVL/plNcvIETZhQTETYdRkYDPEYhUMoAGONo4FU45ufdfE0j29AfWVVj0wA==",
        "dependencies": {
          "Microsoft.Extensions.Primitives": "10.0.12"
        }
      },
      "Microsoft.Extensions.Configuration.Binder": {
        "type": "Transitive",
        "resolved": "10.0.12",
        "contentHash": "dAgIf1TOr8KLs+aBRIbXUZBjHoSH4rDG8+XkX/Q6AZwkQdMA0+yPDKTHsieeXdZDfpOpZVHzOnuAb5Z2nX3KsA==",
        "dependencies": {
          "Microsoft.Extensions.Configuration": "10.0.12",
          "Microsoft.Extensions.Configuration.Abstractions": "10.0.12"
        }
      },
      "Microsoft.Extensions.DependencyInjection": {
        "type": "Transitive",
        "resolved": "10.0.12",
        "contentHash": "lXyK2O5GoYvfxW8eCFcD16JFbcoSTM1sJkAM0UHS1jZyl9NYMW64Tqm6OQFT0IDBjZi+xHt95/Zg+nxZhGFhZg==",
        "dependencies": {
          "Microsoft.Extensions.DependencyInjection.Abstractions": "10.0.12"
        }
      },
      "Microsoft.Extensions.DependencyInjection.Abstractions": {
        "type": "Transitive",
        "resolved": "10.0.12",
        "contentHash": "9/qymSh7hVDMGTGwrLz8MRp5zRyXy9adGDOs4HwRdnLil3oZGYuWeZjbmHgCQ9BL1qBroVfgUK3U/nb61617Cw=="
      },
      "Microsoft.Extensions.Logging": {
        "type": "Transitive",
        "resolved": "10.0.12",
        "contentHash": "6I46fTPfgYkrjRYfRXbho9WOvOelTnNjWuZws/hzGHDASH1LEJeA4VKK9k3wJvido8o7jJSB5WkMTonX7HM1bA==",
        "dependencies": {
          "Microsoft.Extensions.DependencyInjection": "10.0.12",
          "Microsoft.Extensions.Logging.Abstractions": "10.0.12",
          "Microsoft.Extensions.Options": "10.0.12"
        }
      },
      "Microsoft.Extensions.Logging.Abstractions": {
        "type": "Transitive",
        "resolved": "10.0.12",
        "contentHash": "+24lC4plfbEDNfLAdTV/SWKS7dW+16X4HdydO3R++134kSNTzcbYA4KpR1Hdh6uWisB8Za3AzwyOn+K+NxWIug==",
        "dependencies": {
          "Microsoft.Extensions.DependencyInjection.Abstractions": "10.0.12"
        }
      },
      "Microsoft.Extensions.Logging.Configuration": {
        "type": "Transitive",
        "resolved": "10.0.12",
        "contentHash": "CLHWfKQZWFE6fSzRXfjd4UlGveckkfPtwx/p5yF/o3hEkMSzGsl7MSxNAkI19hjw0rprBqrQC09Dwy6Lh6kweA==",
        "dependencies": {
          "Microsoft.Extensions.Configuration": "10.0.12",
          "Microsoft.Extensions.Configuration.Abstractions": "10.0.12",
          "Microsoft.Extensions.Configuration.Binder": "10.0.12",
          "Microsoft.Extensions.DependencyInjection.Abstractions": "10.0.12",
          "Microsoft.Extensions.Logging": "10.0.12",
          "Microsoft.Extensions.Logging.Abstractions": "10.0.12",
          "Microsoft.Extensions.Options": "10.0.12",
          "Microsoft.Extensions.Options.ConfigurationExtensions": "10.0.12"
        }
      },
      "Microsoft.Extensions.Options": {
        "type": "Transitive",
        "resolved": "10.0.12",
        "contentHash": "TDYD33TSRpXKZWlmTXNlj5kCihxatmv2Ec1u6C+bMYLphCS7PoSLE9Pjd/nunDoE7yETk+LLKjVJX78HYtWjpA==",
        "dependencies": {
          "Microsoft.Extensions.DependencyInjection.Abstractions": "10.0.12",
          "Microsoft.Extensions.Primitives": "10.0.12"
        }
      },
      "Microsoft.Extensions.Options.ConfigurationExtensions": {
        "type": "Transitive",
        "resolved": "10.0.12",
        "contentHash": "rqpu4qj5WE9x1IHGXSIgHBKi7IUlQaHyp4aXCYIanG2OghlUMFZpZTgExaXwcvmLAJHsxKQWMPpc7D2WIbCVtA==",
        "dependencies": {
          "Microsoft.Extensions.Configuration.Abstractions": "10.0.12",
          "Microsoft.Extensions.Configuration.Binder": "10.0.12",
          "Microsoft.Extensions.DependencyInjection.Abstractions": "10.0.12",
          "Microsoft.Extensions.Options": "10.0.12",
          "Microsoft.Extensions.Primitives": "10.0.12"
        }
      },
      "Microsoft.Extensions.Primitives": {
        "type": "Transitive",
        "resolved": "10.0.12",
        "contentHash": "dYfCLR52UA+3DL7C4I/pvSaRPkNqxrUAQmbFL2u0zvYKKzqgrFCJl08Df+F1aYc8leu9JvpC9bsURUdpExcBXQ=="
      },
      "Microsoft.Windows.CsWin32": {
        "type": "Transitive",
        "resolved": "0.3.106",
        "contentHash": "Mx5fK7uN6fwLR4wUghs6//HonAnwPBNmC2oonyJVhCUlHS/r6SUS3NkBc3+gaQiv+0/9bqdj1oSCKQFkNI+21Q==",
        "dependencies": {
          "Microsoft.Windows.SDK.Win32Docs": "0.1.42-alpha",
          "Microsoft.Windows.SDK.Win32Metadata": "60.0.34-preview",
          "Microsoft.Windows.WDK.Win32Metadata": "0.11.4-experimental"
        }
      },
      "Microsoft.Windows.SDK.Win32Docs": {
        "type": "Transitive",
        "resolved": "0.1.42-alpha",
        "contentHash": "Z/9po23gUA9aoukirh2ItMU2ZS9++Js9Gdds9fu5yuMojDrmArvY2y+tq9985tR3cxFxpZO1O35Wjfo0khj5HA=="
      },
      "Microsoft.Windows.SDK.Win32Metadata": {
        "type": "Transitive",
        "resolved": "60.0.34-preview",
        "contentHash": "TA3DUNi4CTeo+ItTXBnGZFt2159XOGSl0UOlG5vjDj4WHqZjhwYyyUnzOtrbCERiSaP2Hzg7otJNWwOSZgutyA=="
      },
      "Microsoft.Windows.WDK.Win32Metadata": {
        "type": "Transitive",
        "resolved": "0.11.4-experimental",
        "contentHash": "bf5MCmUyZf0gBlYQjx9UpRAZWBkRndyt9XicR+UNLvAUAFTZQbu6YaX/sNKZlR98Grn0gydfh/yT4I3vc0AIQA==",
        "dependencies": {
          "Microsoft.Windows.SDK.Win32Metadata": "60.0.34-preview"
        }
      },
      "SkiaSharp": {
        "type": "Transitive",
        "resolved": "3.119.2",
        "contentHash": "nmy2dOFWPvQKMglfpjz8+/xQQcSrL9jzul3cUyzCJVSwrmSAw+6B1sEgU7jt6NZBptwGq2k/V0kjyu2GizMFtg==",
        "dependencies": {
          "SkiaSharp.NativeAssets.Win32": "3.119.2",
          "SkiaSharp.NativeAssets.macOS": "3.119.2"
        }
      },
      "SkiaSharp.NativeAssets.macOS": {
        "type": "Transitive",
        "resolved": "3.119.2",
        "contentHash": "I2jMGQ/26KOnc6iAoR+Mxh9vSJJ2vioJyj9aJ9OL5yEZyXothXJxf4vBMqnSaiXMqiiU1scG7KqtT0CLkmMmWA=="
      },
      "SkiaSharp.NativeAssets.WebAssembly": {
        "type": "Transitive",
        "resolved": "3.119.2",
        "contentHash": "MfhqWzQxd/VdPRTjDcPYnTImDauGq2ZO7yRxMWI7MClrkMs0bI5+EGLRH3kjFIMsH79AGVCa7HPdzfXfogfaKQ=="
      },
      "SkiaSharp.NativeAssets.Win32": {
        "type": "Transitive",
        "resolved": "3.119.2",
        "contentHash": "uYe+da6+GXVgPKkCopzvIZ83DmC8SXXKeUAPrNcztJNsg0SjPQAxfKMOPZqmVjbzznrq/QUIjLUlJSZV/e0IPA=="
      },
      "SkiaSharp.Resources": {
        "type": "Transitive",
        "resolved": "3.119.2",
        "contentHash": "pEJEniUrz2qf5tNurl7yzsONvRSiMqtLHEl6LdqlZeZWCb7UkG6X7BSBqvSJDARX6LIVAdohvzVHE5uL0jC37A==",
        "dependencies": {
          "SkiaSharp": "3.119.2"
        }
      },
      "SkiaSharp.SceneGraph": {
        "type": "Transitive",
        "resolved": "3.119.2",
        "contentHash": "t8N4uqG5wnNjfQ/YY5nQ0LVUH5IGesQTct1Inum8najigsnu+WyGTNPd25ocQcWCaVxzA3q1srNqPL453vXSnw==",
        "dependencies": {
          "SkiaSharp": "3.119.2"
        }
      },
      "System.Json": {
        "type": "Transitive",
        "resolved": "4.7.1",
        "contentHash": "XymImdgljgVEkd9trFSKWlNJac1Hr+L9lwFLQSUUQfFMkm88AHI6DINAMhpoiUWQIPLIqEjR702eydUb4Qb3Ng=="
      },
      "Tmds.DBus.Generator": {
        "type": "Transitive",
        "resolved": "0.92.0",
        "contentHash": "fsxJjegaS65KdGcTnjg013fxvAClcGby/Jp1HfKr/tPKCkZ0os7ML4X1KDBi8dfIsxEgM8zVhP72iHehliu0tA=="
      },
      "Tmds.DBus.Protocol": {
        "type": "Transitive",
        "resolved": "0.92.0",
        "contentHash": "h7IMakm0PF2jxiagoysoAjrzzLQ0UBdnSXQL5kb17YW0Fvyo12Tg96A99QkzwktWRrd7H+Uw9EzjasNLUfGYlA=="
      },
      "Uno.Core.Extensions.Collections": {
        "type": "Transitive",
        "resolved": "4.0.1",
        "contentHash": "MvwbLiM1DvwTDtgkUZMcqg4/YbkHLIdx1NX1j3rZzFn6XKpZj1yx+oUYwJYtxKtmZ2qOh/f5SApiiRaRPFHgVQ==",
        "dependencies": {
          "Uno.Core.Extensions.Disposables": "4.0.1",
          "Uno.Core.Extensions.Equality": "4.0.1"
        }
      },
      "Uno.Core.Extensions.Disposables": {
        "type": "Transitive",
        "resolved": "4.0.1",
        "contentHash": "zwyHrTi1F4QARrYElAVmXbyeMssh47clUwKncI1xRhUsM+Wl8+2uVP36ZH+GzYmRJbotTFmP6D7kcGjJE0pMGw=="
      },
      "Uno.Core.Extensions.Equality": {
        "type": "Transitive",
        "resolved": "4.0.1",
        "contentHash": "nuHZsqZJ1MlUMNY0Ju7ZxNvg8kKkAzE0H0XGw2bc7Z5DNyuG4NiBxlA/3CSSk6Y6pmPg2kfRaIs4ai+Wz9Lp+g=="
      },
      "Uno.Core.Extensions.Logging": {
        "type": "Transitive",
        "resolved": "4.0.1",
        "contentHash": "f4nnnXbdiJWKKOfo1uJnZcAl36GvTuuuyG80VKA5nfKB7UpBMU1d/lB70TcOYESSBpT17xowmwcyB8hb6+i9ZA==",
        "dependencies": {
          "Microsoft.Extensions.Logging": "5.0.0"
        }
      },
      "Uno.Core.Extensions.Logging.Singleton": {
        "type": "Transitive",
        "resolved": "4.1.1",
        "contentHash": "P+MQuWFpfDzKNs4UMqQp0WxBGl2MAsxUZrWbdC6rFUWs1ZLCH8B8u8nbIloTnMniPOut3YYdTQHPNLhhTUYrzg==",
        "dependencies": {
          "CommonServiceLocator": "2.0.5",
          "Microsoft.Extensions.Logging": "5.0.0"
        }
      },
      "Uno.Diagnostics.Eventing": {
        "type": "Transitive",
        "resolved": "2.0.1",
        "contentHash": "Hd03em+Bga+w+ljCtiyc+713PQDtCB0Qkw3sBggvXXdDB2URwEc3N4TnM3vFeXpmHHZGM7dN7D8qxfiGoEEHzw=="
      },
      "Uno.Fonts.Fluent": {
        "type": "Transitive",
        "resolved": "2.6.1",
        "contentHash": "mV1JWlpU9e6uWf/hamfTv+ysSRlRjjao1WtewGUtFz2/tB83C5h10gZReiWX4ZQXG2P0bgI/yx1ZxPYfiM3Hcg=="
      },
      "Uno.Fonts.Roboto": {
        "type": "Transitive",
        "resolved": "2.2.2",
        "contentHash": "ZwpuV0++EPb7qAZuk8rj9fB4DR8FjeAcjug/JRYYf45p2tep6yb2GGxhU0yMGG+57Dtjavomq+abOXetSKEKvw=="
      },
      "Uno.Foundation": {
        "type": "Transitive",
        "resolved": "6.7.135",
        "contentHash": "BOjnDB4TEUsh+9aJuUykk7Ah2nR5BV7d06pQmrdeFfSZFN7i6oPbwrgKTGiQ5mkJblDZaCokSaFnNi6dsHgv0w=="
      },
      "Uno.Foundation.Logging": {
        "type": "Transitive",
        "resolved": "6.7.135",
        "contentHash": "MWXmh+1zY30ORb0dxHE7wlzyyWA6KxXH/H2OVDXgBuD/rGMbzsa9PnP5bQG0I8+BTHAjXnihzMcyHxW9ErsUJQ=="
      },
      "Uno.icu-macos": {
        "type": "Transitive",
        "resolved": "77.3.2",
        "contentHash": "kfvEBXcN5faX2dmi+MPu1pAkrp9cKSZhdJomGmsmBpM44/W04DvfgaeS05CTt0rHXvVVmYoqDNC94wSIkwwEQA=="
      },
      "Uno.icu-win": {
        "type": "Transitive",
        "resolved": "77.3.2",
        "contentHash": "g4+i/xKUFobD/gpNtzigq8jKyEQFOtM/+yqDBMNpEpCk8qlitLGDi1nMRB1OxQ9fZ5z21RASS12rDbeblBe2tA=="
      },
      "Uno.Themes.WinUI": {
        "type": "Transitive",
        "resolved": "7.1.1",
        "contentHash": "6xtNQ83dYUQD/IE28O01AtwoRLF3alik5mRVFH+SM9Ea6SriIq0t2vlARH0KgsLudVLdDwxVqp9HBrZFcGTvDg==",
        "dependencies": {
          "Uno.Core.Extensions.Disposables": "4.0.1",
          "Uno.Core.Extensions.Logging.Singleton": "4.0.1",
          "Uno.Fonts.Roboto": "2.2.2",
          "Uno.WinUI": "6.4.229"
        }
      },
      "Uno.Toolkit": {
        "type": "Transitive",
        "resolved": "9.1.3",
        "contentHash": "KC66nCfPrDiouT6WZm4h3qiC5U1lHMCM15VdG/oEsz/2QjobrxT6qE7ooTDQ4xDzHb4DStcmhjqIyuFwkh6Xuw=="
      },
      "Uno.Toolkit.WinUI": {
        "type": "Transitive",
        "resolved": "9.1.3",
        "contentHash": "lWwevu9CnwnelsD994UcRCdpAlHYkOrDH9SRXClwqzH9z6bf4701n3wepT9kAriR39V49gjIcwShtv5enJ/pyg==",
        "dependencies": {
          "Uno.Core.Extensions.Collections": "4.0.1",
          "Uno.Core.Extensions.Logging": "4.0.1",
          "Uno.Core.Extensions.Logging.Singleton": "4.1.1",
          "Uno.Toolkit": "9.1.3",
          "Uno.WinUI": "6.5.153"
        }
      },
      "Uno.Wasm.WebSockets": {
        "type": "Transitive",
        "resolved": "1.1.0",
        "contentHash": "U2d297Z/CxP0GZ3mYCu8kdKzO7PKw5lE7j+gwgXAZS1OlZiWS9EoiBbpUmr/0nSH6wPqClMbtGi6LLs0jslOog=="
      },
      "Uno.WinRT": {
        "type": "Transitive",
        "resolved": "6.7.135",
        "contentHash": "P9lWc8ZPvgx2TixmzamTBKUytqpm32y+8ORJW27vGQ3x6DuK20siLa9cpWpEMDGjOyCqtny6ZsfVVHff4pCrmQ==",
        "dependencies": {
          "Uno.Foundation": "6.7.135"
        }
      },
      "Uno.WinUI.DevServer.Messaging": {
        "type": "Transitive",
        "resolved": "6.7.135",
        "contentHash": "QX6ed7I5p/9nce5PiXIPVOL4MA8+Y2n9p+ql7VqfWRuNdDzMKMHAgZ+xZUz4phQIBgrvxZNH9Rz7QVGuv829vA=="
      },
      "Uno.WinUI.Runtime.Skia": {
        "type": "Transitive",
        "resolved": "6.7.135",
        "contentHash": "BVS1CBzyrn9ndvd4PjpyNyfZGCNkhns6zDCP1BnRYVRunAX4LnikNFOB4hhrhhdkwHl90i7mlq1vM2AsppHMBw==",
        "dependencies": {
          "Uno.WinUI": "6.7.135"
        }
      },
      "WebView2Aot": {
        "type": "Transitive",
        "resolved": "1.5.0",
        "contentHash": "4mdPBqLgvnf9KcdscWZimjYnbG9hzLnGHpzxznigBJwK6PAMadysfA7zKr+92oQ++iLaksvJ0Ce+JUiM/s9glg==",
        "dependencies": {
          "DirectNAot": "1.6.1",
          "DirectNAot.Extensions": "1.6.1"
        }
      }
    },
    "net10.0-desktop1.0/linux-x64": {
      "SkiaSharp.NativeAssets.Linux": {
        "type": "Direct",
        "requested": "[3.119.2, )",
        "resolved": "3.119.2",
        "contentHash": "9WzxSyG/s9Id506j0Ht+Bi5ucOpWKPzd1XXr9TD4fuCafHHy2swRSlbZtC3IDQAsvCH63OerkDJajj43uSv5og=="
      },
      "Uno.WinUI.Runtime.Skia.MacOS": {
        "type": "Direct",
        "requested": "[6.7.135, )",
        "resolved": "6.7.135",
        "contentHash": "/sc58YiQ7ct8TqrCb8x4BP12ICOvNe3fGIXSUT27g7OSFAUqegcsTd2wQgXOnlWm/Y7F9Vjgi83j3fsXQLKWvQ==",
        "dependencies": {
          "HarfBuzzSharp": "8.3.1.1",
          "HarfBuzzSharp.NativeAssets.macOS": "8.3.1.1",
          "SkiaSharp": "3.119.0",
          "SkiaSharp.NativeAssets.macos": "3.119.0",
          "Uno.WinUI": "6.7.135",
          "Uno.WinUI.Runtime.Skia": "6.7.135",
          "Uno.WinUI.Runtime.Skia.Linux.FrameBuffer": "6.7.135",
          "Uno.icu-macos": "77.3.2"
        }
      },
      "HarfBuzzSharp.NativeAssets.Linux": {
        "type": "Transitive",
        "resolved": "8.3.1.1",
        "contentHash": "3EZ1mpIiKWRLL5hUYA82ZHteeDIVaEA/Z0rA/wU6tjx6crcAkJnBPwDXZugBSfo8+J3EznvRJf49uMsqYfKrHg=="
      },
      "HarfBuzzSharp.NativeAssets.macOS": {
        "type": "Transitive",
        "resolved": "8.3.1.1",
        "contentHash": "jbtCsgftcaFLCA13tVKo5iWdElJScrulLTKJre36O4YQTIlwDtPPqhRZNk+Y0vv4D1gxbscasGRucUDfS44ofQ=="
      },
      "HarfBuzzSharp.NativeAssets.Win32": {
        "type": "Transitive",
        "resolved": "8.3.1.1",
        "contentHash": "UsJtQsfAJoFDZrXc4hCUfRPMqccfKZ0iumJ/upcUjz/cmsTgVFGNEL5yaJWmkqsuFYdMWbj/En5/kS4PFl9hBA=="
      },
      "SkiaSharp.NativeAssets.macOS": {
        "type": "Transitive",
        "resolved": "3.119.2",
        "contentHash": "I2jMGQ/26KOnc6iAoR+Mxh9vSJJ2vioJyj9aJ9OL5yEZyXothXJxf4vBMqnSaiXMqiiU1scG7KqtT0CLkmMmWA=="
      },
      "SkiaSharp.NativeAssets.Win32": {
        "type": "Transitive",
        "resolved": "3.119.2",
        "contentHash": "uYe+da6+GXVgPKkCopzvIZ83DmC8SXXKeUAPrNcztJNsg0SjPQAxfKMOPZqmVjbzznrq/QUIjLUlJSZV/e0IPA=="
      },
      "Uno.icu-macos": {
        "type": "Transitive",
        "resolved": "77.3.2",
        "contentHash": "kfvEBXcN5faX2dmi+MPu1pAkrp9cKSZhdJomGmsmBpM44/W04DvfgaeS05CTt0rHXvVVmYoqDNC94wSIkwwEQA=="
      },
      "Uno.icu-win": {
        "type": "Transitive",
        "resolved": "77.3.2",
        "contentHash": "g4+i/xKUFobD/gpNtzigq8jKyEQFOtM/+yqDBMNpEpCk8qlitLGDi1nMRB1OxQ9fZ5z21RASS12rDbeblBe2tA=="
      }
    }
  }
}